
Microsoft Visual Studio Solution File, Format Version 12.00
# Visual Studio Version 17
VisualStudioVersion = 17.14.36603.0
MinimumVisualStudioVersion = 10.0.40219.1
Project("{FAE04EC0-301F-11D3-BF4B-00C04F79EFBC}") = "ApiSuperEsperanza", "ApiSuperEsperanza\ApiSuperEsperanza.csproj", "{04C8C2DC-94AA-40E6-B28D-71C72DE3B7C5}"
EndProject
Project("{FAE04EC0-301F-11D3-BF4B-00C04F79EFBC}") = "SuperEsperanzaFrontEnd", "SuperEsperanzaFrontEnd\SuperEsperanzaFrontEnd.csproj", "{B4ADF036-0EF7-45F4-8DE7-6096A955FA78}"
EndProject
Global
	GlobalSection(SolutionConfigurationPlatforms) = preSolution
		Debug|Any CPU = Debug|Any CPU
		Release|Any CPU = Release|Any CPU
	EndGlobalSection
	GlobalSection(ProjectConfigurationPlatforms) = postSolution
		{04C8C2DC-94AA-40E6-B28D-71C72DE3B7C5}.Debug|Any CPU.ActiveCfg = Debug|Any CPU
		{04C8C2DC-94AA-40E6-B28D-71C72DE3B7C5}.Debug|Any CPU.Build.0 = Debug|Any CPU
		{04C8C2DC-94AA-40E6-B28D-71C72DE3B7C5}.Release|Any CPU.ActiveCfg = Release|Any CPU
		{04C8C2DC-94AA-40E6-B28D-71C72DE3B7C5}.Release|Any CPU.Build.0 = Release|Any CPU
		{B4ADF036-0EF7-45F4-8DE7-6096A955FA78}.Debug|Any CPU.ActiveCfg = Debug|Any CPU
		{B4ADF036-0EF7-45F4-8DE7-6096A955FA78}.Debug|Any CPU.Build.0 = Debug|Any CPU
		{B4ADF036-0EF7-45F4-8DE7-6096A955FA78}.Release|Any CPU.ActiveCfg = Release|Any CPU
		{B4ADF036-0EF7-45F4-8DE7-6096A955FA78}.Release|Any CPU.Build.0 = Release|Any CPU
	EndGlobalSection
	GlobalSection(SolutionProperties) = preSolution
		HideSolutionNode = FALSE
	EndGlobalSection
	GlobalSection(ExtensibilityGlobals) = postSolution
		SolutionGuid = {20BAC68D-EAAA-454A-9EC8-7077C18F307D}
	EndGlobalSection
EndGlobal
